
Microsoft Visual Studio Solution File, Format Version 12.00
# Visual Studio 15
VisualStudioVersion = 15.0.27130.2010
MinimumVisualStudioVersion = 10.0.40219.1
Project("{FAE04EC0-301F-11D3-BF4B-00C04F79EFBC}") = "Flames", "Flames\Flames.csproj", "{E6506CE3-2BAD-42AE-B819-800B0F30A117}"
EndProject
Global
	GlobalSection(SolutionConfigurationPlatforms) = preSolution
		Debug|Any CPU = Debug|Any CPU
		Release|Any CPU = Release|Any CPU
	EndGlobalSection
	GlobalSection(ProjectConfigurationPlatforms) = postSolution
		{E6506CE3-2BAD-42AE-B819-800B0F30A117}.Debug|Any CPU.ActiveCfg = Debug|Any CPU
		{E6506CE3-2BAD-42AE-B819-800B0F30A117}.Debug|Any CPU.Build.0 = Debug|Any CPU
		{E6506CE3-2BAD-42AE-B819-800B0F30A117}.Release|Any CPU.ActiveCfg = Release|Any CPU
		{E6506CE3-2BAD-42AE-B819-800B0F30A117}.Release|Any CPU.Build.0 = Release|Any CPU
	EndGlobalSection
	GlobalSection(SolutionProperties) = preSolution
		HideSolutionNode = FALSE
	EndGlobalSection
	GlobalSection(ExtensibilityGlobals) = postSolution
		SolutionGuid = {51DD598E-B7DD-472B-A04B-63D8D76A1FFF}
	EndGlobalSection
EndGlobal
